// !$*UTF8*$!
{
	archiveVersion = 1;
	classes = {
	};
	objectVersion = 77;
	objects = {

/* Begin PBXBuildFile section */
		D16BD4BD2F805159003B8986 /* WidgetKit.framework in Frameworks */ = {isa = PBXBuildFile; fileRef = D16BD4BC2F805159003B8986 /* WidgetKit.framework */; };
		D16BD4BF2F805159003B8986 /* SwiftUI.framework in Frameworks */ = {isa = PBXBuildFile; fileRef = D16BD4BE2F805159003B8986 /* SwiftUI.framework */; };
		D16BD4D02F80515A003B8986 /* BlockErrnWidgetsExtension.appex in Embed Foundation Extensions */ = {isa = PBXBuildFile; fileRef = D16BD4BA2F805159003B8986 /* BlockErrnWidgetsExtension.appex */; settings = {ATTRIBUTES = (RemoveHeadersOnCopy, ); }; };
/* End PBXBuildFile section */

/* Begin PBXContainerItemProxy section */
		D16BD4CE2F80515A003B8986 /* PBXContainerItemProxy */ = {
			isa = PBXContainerItemProxy;
			containerPortal = D196310A2F72C37700766B99 /* Project object */;
			proxyType = 1;
			remoteGlobalIDString = D16BD4B92F805159003B8986;
			remoteInfo = BlockErrnWidgetsExtension;
		};
		D19631202F72C37800766B99 /* PBXContainerItemProxy */ = {
			isa = PBXContainerItemProxy;
			containerPortal = D196310A2F72C37700766B99 /* Project object */;
			proxyType = 1;
			remoteGlobalIDString = D19631112F72C37700766B99;
			remoteInfo = BlockErrn;
		};
		D196312A2F72C37800766B99 /* PBXContainerItemProxy */ = {
			isa = PBXContainerItemProxy;
			containerPortal = D196310A2F72C37700766B99 /* Project object */;
			proxyType = 1;
			remoteGlobalIDString = D19631112F72C37700766B99;
			remoteInfo = BlockErrn;
		};
/* End PBXContainerItemProxy section */

/* Begin PBXCopyFilesBuildPhase section */
		D16BD4D52F80515A003B8986 /* Embed Foundation Extensions */ = {
			isa = PBXCopyFilesBuildPhase;
			buildActionMask = 2147483647;
			dstPath = "";
			dstSubfolderSpec = 13;
			files = (
				D16BD4D02F80515A003B8986 /* BlockErrnWidgetsExtension.appex in Embed Foundation Extensions */,
			);
			name = "Embed Foundation Extensions";
			runOnlyForDeploymentPostprocessing = 0;
		};
/* End PBXCopyFilesBuildPhase section */

/* Begin PBXFileReference section */
		D16BD4BA2F805159003B8986 /* BlockErrnWidgetsExtension.appex */ = {isa = PBXFileReference; explicitFileType = "wrapper.app-extension"; includeInIndex = 0; path = BlockErrnWidgetsExtension.appex; sourceTree = BUILT_PRODUCTS_DIR; };
		D16BD4BC2F805159003B8986 /* WidgetKit.framework */ = {isa = PBXFileReference; lastKnownFileType = wrapper.framework; name = WidgetKit.framework; path = System/Library/Frameworks/WidgetKit.framework; sourceTree = SDKROOT; };
		D16BD4BE2F805159003B8986 /* SwiftUI.framework */ = {isa = PBXFileReference; lastKnownFileType = wrapper.framework; name = SwiftUI.framework; path = System/Library/Frameworks/SwiftUI.framework; sourceTree = SDKROOT; };
		D19631122F72C37700766B99 /* BlockErrn.app */ = {isa = PBXFileReference; explicitFileType = wrapper.application; includeInIndex = 0; path = BlockErrn.app; sourceTree = BUILT_PRODUCTS_DIR; };
		D196311F2F72C37800766B99 /* BlockErrnTests.xctest */ = {isa = PBXFileReference; explicitFileType = wrapper.cfbundle; includeInIndex = 0; path = BlockErrnTests.xctest; sourceTree = BUILT_PRODUCTS_DIR; };
		D19631292F72C37800766B99 /* BlockErrnUITests.xctest */ = {isa = PBXFileReference; explicitFileType = wrapper.cfbundle; includeInIndex = 0; path = BlockErrnUITests.xctest; sourceTree = BUILT_PRODUCTS_DIR; };
		D1BB9EEA2F74B52A0072981D /* BlockErrn-Info.plist */ = {isa = PBXFileReference; lastKnownFileType = text.plist; path = "BlockErrn-Info.plist"; sourceTree = "<group>"; };
/* End PBXFileReference section */

/* Begin PBXFileSystemSynchronizedBuildFileExceptionSet section */
		D16BD4D12F80515A003B8986 /* Exceptions for "BlockErrnWidgets" folder in "BlockErrnWidgetsExtension" target */ = {
			isa = PBXFileSystemSynchronizedBuildFileExceptionSet;
			membershipExceptions = (
				BlockErrnLiveActivityWidget.swift,
				Info.plist,
			);
			target = D16BD4B92F805159003B8986 /* BlockErrnWidgetsExtension */;
		};
		D16BD4DB2F805175003B8986 /* Exceptions for "Flex Earnings Tracker" folder in "BlockErrnWidgetsExtension" target */ = {
			isa = PBXFileSystemSynchronizedBuildFileExceptionSet;
			membershipExceptions = (
				BlockTrackingAttributes.swift,
			);
			target = D16BD4B92F805159003B8986 /* BlockErrnWidgetsExtension */;
		};
/* End PBXFileSystemSynchronizedBuildFileExceptionSet section */

/* Begin PBXFileSystemSynchronizedRootGroup section */
		D16BD4C02F805159003B8986 /* BlockErrnWidgets */ = {
			isa = PBXFileSystemSynchronizedRootGroup;
			exceptions = (
				D16BD4D12F80515A003B8986 /* Exceptions for "BlockErrnWidgets" folder in "BlockErrnWidgetsExtension" target */,
			);
			path = BlockErrnWidgets;
			sourceTree = "<group>";
		};
		D19631142F72C37700766B99 /* Flex Earnings Tracker */ = {
			isa = PBXFileSystemSynchronizedRootGroup;
			exceptions = (
				D16BD4DB2F805175003B8986 /* Exceptions for "Flex Earnings Tracker" folder in "BlockErrnWidgetsExtension" target */,
			);
			path = "Flex Earnings Tracker";
			sourceTree = "<group>";
		};
		D19631222F72C37800766B99 /* Flex Earnings TrackerTests */ = {
			isa = PBXFileSystemSynchronizedRootGroup;
			path = "Flex Earnings TrackerTests";
			sourceTree = "<group>";
		};
		D196312C2F72C37800766B99 /* Flex Earnings TrackerUITests */ = {
			isa = PBXFileSystemSynchronizedRootGroup;
			path = "Flex Earnings TrackerUITests";
			sourceTree = "<group>";
		};
/* End PBXFileSystemSynchronizedRootGroup section */

/* Begin PBXFrameworksBuildPhase section */
		D16BD4B72F805159003B8986 /* Frameworks */ = {
			isa = PBXFrameworksBuildPhase;
			buildActionMask = 2147483647;
			files = (
				D16BD4BF2F805159003B8986 /* SwiftUI.framework in Frameworks */,
				D16BD4BD2F805159003B8986 /* WidgetKit.framework in Frameworks */,
			);
			runOnlyForDeploymentPostprocessing = 0;
		};
		D196310F2F72C37700766B99 /* Frameworks */ = {
			isa = PBXFrameworksBuildPhase;
			buildActionMask = 2147483647;
			files = (
			);
			runOnlyForDeploymentPostprocessing = 0;
		};
		D196311C2F72C37800766B99 /* Frameworks */ = {
			isa = PBXFrameworksBuildPhase;
			buildActionMask = 2147483647;
			files = (
			);
			runOnlyForDeploymentPostprocessing = 0;
		};
		D19631262F72C37800766B99 /* Frameworks */ = {
			isa = PBXFrameworksBuildPhase;
			buildActionMask = 2147483647;
			files = (
			);
			runOnlyForDeploymentPostprocessing = 0;
		};
/* End PBXFrameworksBuildPhase section */

/* Begin PBXGroup section */
		D16BD4B32F80501F003B8986 /* BlockErrnWidgets */ = {
			isa = PBXGroup;
			children = (
			);
			path = BlockErrnWidgets;
			sourceTree = "<group>";
		};
		D16BD4BB2F805159003B8986 /* Frameworks */ = {
			isa = PBXGroup;
			children = (
				D16BD4BC2F805159003B8986 /* WidgetKit.framework */,
				D16BD4BE2F805159003B8986 /* SwiftUI.framework */,
			);
			name = Frameworks;
			sourceTree = "<group>";
		};
		D19631092F72C37700766B99 = {
			isa = PBXGroup;
			children = (
				D1BB9EEA2F74B52A0072981D /* BlockErrn-Info.plist */,
				D19631142F72C37700766B99 /* Flex Earnings Tracker */,
				D19631222F72C37800766B99 /* Flex Earnings TrackerTests */,
				D196312C2F72C37800766B99 /* Flex Earnings TrackerUITests */,
				D16BD4C02F805159003B8986 /* BlockErrnWidgets */,
				D16BD4BB2F805159003B8986 /* Frameworks */,
				D19631132F72C37700766B99 /* Products */,
				D16BD4B32F80501F003B8986 /* BlockErrnWidgets */,
			);
			sourceTree = "<group>";
		};
		D19631132F72C37700766B99 /* Products */ = {
			isa = PBXGroup;
			children = (
				D19631122F72C37700766B99 /* BlockErrn.app */,
				D196311F2F72C37800766B99 /* BlockErrnTests.xctest */,
				D19631292F72C37800766B99 /* BlockErrnUITests.xctest */,
				D16BD4BA2F805159003B8986 /* BlockErrnWidgetsExtension.appex */,
			);
			name = Products;
			sourceTree = "<group>";
		};
/* End PBXGroup section */

/* Begin PBXNativeTarget section */
		D16BD4B92F805159003B8986 /* BlockErrnWidgetsExtension */ = {
			isa = PBXNativeTarget;
			buildConfigurationList = D16BD4D22F80515A003B8986 /* Build configuration list for PBXNativeTarget "BlockErrnWidgetsExtension" */;
			buildPhases = (
				D16BD4B62F805159003B8986 /* Sources */,
				D16BD4B72F805159003B8986 /* Frameworks */,
				D16BD4B82F805159003B8986 /* Resources */,
			);
			buildRules = (
			);
			dependencies = (
			);
			fileSystemSynchronizedGroups = (
				D16BD4C02F805159003B8986 /* BlockErrnWidgets */,
			);
			name = BlockErrnWidgetsExtension;
			packageProductDependencies = (
			);
			productName = BlockErrnWidgetsExtension;
			productReference = D16BD4BA2F805159003B8986 /* BlockErrnWidgetsExtension.appex */;
			productType = "com.apple.product-type.app-extension";
		};
		D19631112F72C37700766B99 /* BlockErrn */ = {
			isa = PBXNativeTarget;
			buildConfigurationList = D19631332F72C37800766B99 /* Build configuration list for PBXNativeTarget "BlockErrn" */;
			buildPhases = (
				D196310E2F72C37700766B99 /* Sources */,
				D196310F2F72C37700766B99 /* Frameworks */,
				D19631102F72C37700766B99 /* Resources */,
				D16BD4D52F80515A003B8986 /* Embed Foundation Extensions */,
			);
			buildRules = (
			);
			dependencies = (
				D16BD4CF2F80515A003B8986 /* PBXTargetDependency */,
			);
			fileSystemSynchronizedGroups = (
				D19631142F72C37700766B99 /* Flex Earnings Tracker */,
			);
			name = BlockErrn;
			packageProductDependencies = (
			);
			productName = BlockErrn;
			productReference = D19631122F72C37700766B99 /* BlockErrn.app */;
			productType = "com.apple.product-type.application";
		};
		D196311E2F72C37800766B99 /* BlockErrnTests */ = {
			isa = PBXNativeTarget;
			buildConfigurationList = D19631362F72C37800766B99 /* Build configuration list for PBXNativeTarget "BlockErrnTests" */;
			buildPhases = (
				D196311B2F72C37800766B99 /* Sources */,
				D196311C2F72C37800766B99 /* Frameworks */,
				D196311D2F72C37800766B99 /* Resources */,
			);
			buildRules = (
			);
			dependencies = (
				D19631212F72C37800766B99 /* PBXTargetDependency */,
			);
			fileSystemSynchronizedGroups = (
				D19631222F72C37800766B99 /* Flex Earnings TrackerTests */,
			);
			name = BlockErrnTests;
			packageProductDependencies = (
			);
			productName = BlockErrnTests;
			productReference = D196311F2F72C37800766B99 /* BlockErrnTests.xctest */;
			productType = "com.apple.product-type.bundle.unit-test";
		};
		D19631282F72C37800766B99 /* BlockErrnUITests */ = {
			isa = PBXNativeTarget;
			buildConfigurationList = D19631392F72C37800766B99 /* Build configuration list for PBXNativeTarget "BlockErrnUITests" */;
			buildPhases = (
				D19631252F72C37800766B99 /* Sources */,
				D19631262F72C37800766B99 /* Frameworks */,
				D19631272F72C37800766B99 /* Resources */,
			);
			buildRules = (
			);
			dependencies = (
				D196312B2F72C37800766B99 /* PBXTargetDependency */,
			);
			fileSystemSynchronizedGroups = (
				D196312C2F72C37800766B99 /* Flex Earnings TrackerUITests */,
			);
			name = BlockErrnUITests;
			packageProductDependencies = (
			);
			productName = BlockErrnUITests;
			productReference = D19631292F72C37800766B99 /* BlockErrnUITests.xctest */;
			productType = "com.apple.product-type.bundle.ui-testing";
		};
/* End PBXNativeTarget section */

/* Begin PBXProject section */
		D196310A2F72C37700766B99 /* Project object */ = {
			isa = PBXProject;
			attributes = {
				BuildIndependentTargetsInParallel = 1;
				LastSwiftUpdateCheck = 2630;
				LastUpgradeCheck = 2630;
				TargetAttributes = {
					D16BD4B92F805159003B8986 = {
						CreatedOnToolsVersion = 26.3;
					};
					D19631112F72C37700766B99 = {
						CreatedOnToolsVersion = 26.3;
					};
					D196311E2F72C37800766B99 = {
						CreatedOnToolsVersion = 26.3;
						TestTargetID = D19631112F72C37700766B99;
					};
					D19631282F72C37800766B99 = {
						CreatedOnToolsVersion = 26.3;
						TestTargetID = D19631112F72C37700766B99;
					};
				};
			};
			buildConfigurationList = D196310D2F72C37700766B99 /* Build configuration list for PBXProject "Flex Earnings Tracker" */;
			developmentRegion = en;
			hasScannedForEncodings = 0;
			knownRegions = (
				en,
				Base,
			);
			mainGroup = D19631092F72C37700766B99;
			minimizedProjectReferenceProxies = 1;
			preferredProjectObjectVersion = 77;
			productRefGroup = D19631132F72C37700766B99 /* Products */;
			projectDirPath = "";
			projectRoot = "";
			targets = (
				D19631112F72C37700766B99 /* BlockErrn */,
				D196311E2F72C37800766B99 /* BlockErrnTests */,
				D19631282F72C37800766B99 /* BlockErrnUITests */,
				D16BD4B92F805159003B8986 /* BlockErrnWidgetsExtension */,
			);
		};
/* End PBXProject section */

/* Begin PBXResourcesBuildPhase section */
		D16BD4B82F805159003B8986 /* Resources */ = {
			isa = PBXResourcesBuildPhase;
			buildActionMask = 2147483647;
			files = (
			);
			runOnlyForDeploymentPostprocessing = 0;
		};
		D19631102F72C37700766B99 /* Resources */ = {
			isa = PBXResourcesBuildPhase;
			buildActionMask = 2147483647;
			files = (
			);
			runOnlyForDeploymentPostprocessing = 0;
		};
		D196311D2F72C37800766B99 /* Resources */ = {
			isa = PBXResourcesBuildPhase;
			buildActionMask = 2147483647;
			files = (
			);
			runOnlyForDeploymentPostprocessing = 0;
		};
		D19631272F72C37800766B99 /* Resources */ = {
			isa = PBXResourcesBuildPhase;
			buildActionMask = 2147483647;
			files = (
			);
			runOnlyForDeploymentPostprocessing = 0;
		};
/* End PBXResourcesBuildPhase section */

/* Begin PBXSourcesBuildPhase section */
		D16BD4B62F805159003B8986 /* Sources */ = {
			isa = PBXSourcesBuildPhase;
			buildActionMask = 2147483647;
			files = (
			);
			runOnlyForDeploymentPostprocessing = 0;
		};
		D196310E2F72C37700766B99 /* Sources */ = {
			isa = PBXSourcesBuildPhase;
			buildActionMask = 2147483647;
			files = (
			);
			runOnlyForDeploymentPostprocessing = 0;
		};
		D196311B2F72C37800766B99 /* Sources */ = {
			isa = PBXSourcesBuildPhase;
			buildActionMask = 2147483647;
			files = (
			);
			runOnlyForDeploymentPostprocessing = 0;
		};
		D19631252F72C37800766B99 /* Sources */ = {
			isa = PBXSourcesBuildPhase;
			buildActionMask = 2147483647;
			files = (
			);
			runOnlyForDeploymentPostprocessing = 0;
		};
/* End PBXSourcesBuildPhase section */

/* Begin PBXTargetDependency section */
		D16BD4CF2F80515A003B8986 /* PBXTargetDependency */ = {
			isa = PBXTargetDependency;
			target = D16BD4B92F805159003B8986 /* BlockErrnWidgetsExtension */;
			targetProxy = D16BD4CE2F80515A003B8986 /* PBXContainerItemProxy */;
		};
		D19631212F72C37800766B99 /* PBXTargetDependency */ = {
			isa = PBXTargetDependency;
			target = D19631112F72C37700766B99 /* BlockErrn */;
			targetProxy = D19631202F72C37800766B99 /* PBXContainerItemProxy */;
		};
		D196312B2F72C37800766B99 /* PBXTargetDependency */ = {
			isa = PBXTargetDependency;
			target = D19631112F72C37700766B99 /* BlockErrn */;
			targetProxy = D196312A2F72C37800766B99 /* PBXContainerItemProxy */;
		};
/* End PBXTargetDependency section */

/* Begin XCBuildConfiguration section */
		D16BD4D32F80515A003B8986 /* Debug */ = {
			isa = XCBuildConfiguration;
			buildSettings = {
				ASSETCATALOG_COMPILER_GLOBAL_ACCENT_COLOR_NAME = AccentColor;
				ASSETCATALOG_COMPILER_WIDGET_BACKGROUND_COLOR_NAME = WidgetBackground;
				CODE_SIGN_IDENTITY = "Apple Development";
				CODE_SIGN_STYLE = Automatic;
				CURRENT_PROJECT_VERSION = 1;
				DEVELOPMENT_TEAM = 8B5Y76UV6F;
				GENERATE_INFOPLIST_FILE = YES;
				INFOPLIST_FILE = BlockErrnWidgets/Info.plist;
				INFOPLIST_KEY_CFBundleDisplayName = BlockErrnWidgets;
				INFOPLIST_KEY_NSHumanReadableCopyright = "";
				LD_RUNPATH_SEARCH_PATHS = (
					"$(inherited)",
					"@executable_path/Frameworks",
					"@executable_path/../../Frameworks",
				);
				MARKETING_VERSION = 1.0;
				PRODUCT_BUNDLE_IDENTIFIER = com.tejay.BlockErrn.BlockErrnWidgets;
				PRODUCT_NAME = "$(TARGET_NAME)";
				SKIP_INSTALL = YES;
				STRING_CATALOG_GENERATE_SYMBOLS = YES;
				SWIFT_APPROACHABLE_CONCURRENCY = YES;
				SWIFT_EMIT_LOC_STRINGS = YES;
				SWIFT_UPCOMING_FEATURE_MEMBER_IMPORT_VISIBILITY = YES;
				SWIFT_VERSION = 5.0;
				TARGETED_DEVICE_FAMILY = "1,2";
			};
			name = Debug;
		};
		D16BD4D42F80515A003B8986 /* Release */ = {
			isa = XCBuildConfiguration;
			buildSettings = {
				ASSETCATALOG_COMPILER_GLOBAL_ACCENT_COLOR_NAME = AccentColor;
				ASSETCATALOG_COMPILER_WIDGET_BACKGROUND_COLOR_NAME = WidgetBackground;
				CODE_SIGN_IDENTITY = "Apple Development";
				CODE_SIGN_STYLE = Automatic;
				CURRENT_PROJECT_VERSION = 1;
				DEVELOPMENT_TEAM = 8B5Y76UV6F;
				GENERATE_INFOPLIST_FILE = YES;
				INFOPLIST_FILE = BlockErrnWidgets/Info.plist;
				INFOPLIST_KEY_CFBundleDisplayName = BlockErrnWidgets;
				INFOPLIST_KEY_NSHumanReadableCopyright = "";
				LD_RUNPATH_SEARCH_PATHS = (
					"$(inherited)",
					"@executable_path/Frameworks",
					"@executable_path/../../Frameworks",
				);
				MARKETING_VERSION = 1.0;
				PRODUCT_BUNDLE_IDENTIFIER = com.tejay.BlockErrn.BlockErrnWidgets;
				PRODUCT_NAME = "$(TARGET_NAME)";
				SKIP_INSTALL = YES;
				STRING_CATALOG_GENERATE_SYMBOLS = YES;
				SWIFT_APPROACHABLE_CONCURRENCY = YES;
				SWIFT_EMIT_LOC_STRINGS = YES;
				SWIFT_UPCOMING_FEATURE_MEMBER_IMPORT_VISIBILITY = YES;
				SWIFT_VERSION = 5.0;
				TARGETED_DEVICE_FAMILY = "1,2";
			};
			name = Release;
		};
		D19631312F72C37800766B99 /* Debug */ = {
			isa = XCBuildConfiguration;
			buildSettings = {
				ALWAYS_SEARCH_USER_PATHS = NO;
				ASSETCATALOG_COMPILER_GENERATE_SWIFT_ASSET_SYMBOL_EXTENSIONS = YES;
				CLANG_ANALYZER_NONNULL = YES;
				CLANG_ANALYZER_NUMBER_OBJECT_CONVERSION = YES_AGGRESSIVE;
				CLANG_CXX_LANGUAGE_STANDARD = "gnu++20";
				CLANG_ENABLE_MODULES = YES;
				CLANG_ENABLE_OBJC_ARC = YES;
				CLANG_ENABLE_OBJC_WEAK = YES;
				CLANG_WARN_BLOCK_CAPTURE_AUTORELEASING = YES;
				CLANG_WARN_BOOL_CONVERSION = YES;
				CLANG_WARN_COMMA = YES;
				CLANG_WARN_CONSTANT_CONVERSION = YES;
				CLANG_WARN_DEPRECATED_OBJC_IMPLEMENTATIONS = YES;
				CLANG_WARN_DIRECT_OBJC_ISA_USAGE = YES_ERROR;
				CLANG_WARN_DOCUMENTATION_COMMENTS = YES;
				CLANG_WARN_EMPTY_BODY = YES;
				CLANG_WARN_ENUM_CONVERSION = YES;
				CLANG_WARN_INFINITE_RECURSION = YES;
				CLANG_WARN_INT_CONVERSION = YES;
				CLANG_WARN_NON_LITERAL_NULL_CONVERSION = YES;
				CLANG_WARN_OBJC_IMPLICIT_RETAIN_SELF = YES;
				CLANG_WARN_OBJC_LITERAL_CONVERSION = YES;
				CLANG_WARN_OBJC_ROOT_CLASS = YES_ERROR;
				CLANG_WARN_QUOTED_INCLUDE_IN_FRAMEWORK_HEADER = YES;
				CLANG_WARN_RANGE_LOOP_ANALYSIS = YES;
				CLANG_WARN_STRICT_PROTOTYPES = YES;
				CLANG_WARN_SUSPICIOUS_MOVE = YES;
				CLANG_WARN_UNGUARDED_AVAILABILITY = YES_AGGRESSIVE;
				CLANG_WARN_UNREACHABLE_CODE = YES;
				CLANG_WARN__DUPLICATE_METHOD_MATCH = YES;
				COPY_PHASE_STRIP = NO;
				DEBUG_INFORMATION_FORMAT = dwarf;
				DEVELOPMENT_TEAM = 8B5Y76UV6F;
				ENABLE_STRICT_OBJC_MSGSEND = YES;
				ENABLE_TESTABILITY = YES;
				ENABLE_USER_SCRIPT_SANDBOXING = YES;
				GCC_C_LANGUAGE_STANDARD = gnu17;
				GCC_DYNAMIC_NO_PIC = NO;
				GCC_NO_COMMON_BLOCKS = YES;
				GCC_OPTIMIZATION_LEVEL = 0;
				GCC_PREPROCESSOR_DEFINITIONS = (
					"DEBUG=1",
					"$(inherited)",
				);
				GCC_WARN_64_TO_32_BIT_CONVERSION = YES;
				GCC_WARN_ABOUT_RETURN_TYPE = YES_ERROR;
				GCC_WARN_UNDECLARED_SELECTOR = YES;
				GCC_WARN_UNINITIALIZED_AUTOS = YES_AGGRESSIVE;
				GCC_WARN_UNUSED_FUNCTION = YES;
				GCC_WARN_UNUSED_VARIABLE = YES;
				IPHONEOS_DEPLOYMENT_TARGET = 26.2;
				LOCALIZATION_PREFERS_STRING_CATALOGS = YES;
				MTL_ENABLE_DEBUG_INFO = INCLUDE_SOURCE;
				MTL_FAST_MATH = YES;
				ONLY_ACTIVE_ARCH = YES;
				SDKROOT = iphoneos;
				SWIFT_ACTIVE_COMPILATION_CONDITIONS = "DEBUG $(inherited)";
				SWIFT_OPTIMIZATION_LEVEL = "-Onone";
			};
			name = Debug;
		};
		D19631322F72C37800766B99 /* Release */ = {
			isa = XCBuildConfiguration;
			buildSettings = {
				ALWAYS_SEARCH_USER_PATHS = NO;
				ASSETCATALOG_COMPILER_GENERATE_SWIFT_ASSET_SYMBOL_EXTENSIONS = YES;
				CLANG_ANALYZER_NONNULL = YES;
				CLANG_ANALYZER_NUMBER_OBJECT_CONVERSION = YES_AGGRESSIVE;
				CLANG_CXX_LANGUAGE_STANDARD = "gnu++20";
				CLANG_ENABLE_MODULES = YES;
				CLANG_ENABLE_OBJC_ARC = YES;
				CLANG_ENABLE_OBJC_WEAK = YES;
				CLANG_WARN_BLOCK_CAPTURE_AUTORELEASING = YES;
				CLANG_WARN_BOOL_CONVERSION = YES;
				CLANG_WARN_COMMA = YES;
				CLANG_WARN_CONSTANT_CONVERSION = YES;
				CLANG_WARN_DEPRECATED_OBJC_IMPLEMENTATIONS = YES;
				CLANG_WARN_DIRECT_OBJC_ISA_USAGE = YES_ERROR;
				CLANG_WARN_DOCUMENTATION_COMMENTS = YES;
				CLANG_WARN_EMPTY_BODY = YES;
				CLANG_WARN_ENUM_CONVERSION = YES;
				CLANG_WARN_INFINITE_RECURSION = YES;
				CLANG_WARN_INT_CONVERSION = YES;
				CLANG_WARN_NON_LITERAL_NULL_CONVERSION = YES;
				CLANG_WARN_OBJC_IMPLICIT_RETAIN_SELF = YES;
				CLANG_WARN_OBJC_LITERAL_CONVERSION = YES;
				CLANG_WARN_OBJC_ROOT_CLASS = YES_ERROR;
				CLANG_WARN_QUOTED_INCLUDE_IN_FRAMEWORK_HEADER = YES;
				CLANG_WARN_RANGE_LOOP_ANALYSIS = YES;
				CLANG_WARN_STRICT_PROTOTYPES = YES;
				CLANG_WARN_SUSPICIOUS_MOVE = YES;
				CLANG_WARN_UNGUARDED_AVAILABILITY = YES_AGGRESSIVE;
				CLANG_WARN_UNREACHABLE_CODE = YES;
				CLANG_WARN__DUPLICATE_METHOD_MATCH = YES;
				COPY_PHASE_STRIP = NO;
				DEBUG_INFORMATION_FORMAT = "dwarf-with-dsym";
				DEVELOPMENT_TEAM = 8B5Y76UV6F;
				ENABLE_NS_ASSERTIONS = NO;
				ENABLE_STRICT_OBJC_MSGSEND = YES;
				ENABLE_USER_SCRIPT_SANDBOXING = YES;
				GCC_C_LANGUAGE_STANDARD = gnu17;
				GCC_NO_COMMON_BLOCKS = YES;
				GCC_WARN_64_TO_32_BIT_CONVERSION = YES;
				GCC_WARN_ABOUT_RETURN_TYPE = YES_ERROR;
				GCC_WARN_UNDECLARED_SELECTOR = YES;
				GCC_WARN_UNINITIALIZED_AUTOS = YES_AGGRESSIVE;
				GCC_WARN_UNUSED_FUNCTION = YES;
				GCC_WARN_UNUSED_VARIABLE = YES;
				IPHONEOS_DEPLOYMENT_TARGET = 26.2;
				LOCALIZATION_PREFERS_STRING_CATALOGS = YES;
				MTL_ENABLE_DEBUG_INFO = NO;
				MTL_FAST_MATH = YES;
				SDKROOT = iphoneos;
				SWIFT_COMPILATION_MODE = wholemodule;
				VALIDATE_PRODUCT = YES;
			};
			name = Release;
		};
		D19631342F72C37800766B99 /* Debug */ = {
			isa = XCBuildConfiguration;
			buildSettings = {
				ASSETCATALOG_COMPILER_APPICON_NAME = AppIcon;
				ASSETCATALOG_COMPILER_GLOBAL_ACCENT_COLOR_NAME = AccentColor;
				ASSETCATALOG_COMPILER_INCLUDE_ALL_APPICON_ASSETS = YES;
				CODE_SIGN_ENTITLEMENTS = "Flex Earnings Tracker/BackgroundModes.entitlements";
				CODE_SIGN_IDENTITY = "Apple Development";
				CODE_SIGN_STYLE = Automatic;
				CURRENT_PROJECT_VERSION = 1;
				DEVELOPMENT_TEAM = 8B5Y76UV6F;
				ENABLE_PREVIEWS = YES;
				GENERATE_INFOPLIST_FILE = YES;
				INFOPLIST_FILE = "BlockErrn-Info.plist";
				INFOPLIST_KEY_CFBundleDisplayName = BlockErrn;
				INFOPLIST_KEY_LSApplicationCategoryType = "public.app-category.business";
				INFOPLIST_KEY_NSCameraUsageDescription = "";
				INFOPLIST_KEY_NSLocationAlwaysAndWhenInUseUsageDescription = "BlockErrn needs background location to estimate miles for each block.";
				INFOPLIST_KEY_NSLocationWhenInUseUsageDescription = "BlockErrn uses location to track the miles you drive during each block.";
				INFOPLIST_KEY_UIApplicationSceneManifest_Generation = NO;
				INFOPLIST_KEY_UIApplicationSupportsIndirectInputEvents = YES;
				INFOPLIST_KEY_UIBackgroundModes = "";
				INFOPLIST_KEY_UILaunchScreen_Generation = YES;
				INFOPLIST_KEY_UISupportedInterfaceOrientations = UIInterfaceOrientationPortrait;
				INFOPLIST_KEY_UISupportedInterfaceOrientations_iPad = "UIInterfaceOrientationLandscapeLeft UIInterfaceOrientationLandscapeRight UIInterfaceOrientationPortrait UIInterfaceOrientationPortraitUpsideDown";
				IPHONEOS_DEPLOYMENT_TARGET = 26.0;
				LD_RUNPATH_SEARCH_PATHS = (
					"$(inherited)",
					"@executable_path/Frameworks",
				);
				MARKETING_VERSION = 1.0;
				PRODUCT_BUNDLE_IDENTIFIER = com.tejay.BlockErrn;
				PRODUCT_NAME = "$(TARGET_NAME)";
				PROVISIONING_PROFILE_SPECIFIER = "";
				STRING_CATALOG_GENERATE_SYMBOLS = YES;
				SUPPORTED_PLATFORMS = "iphoneos iphonesimulator";
				SUPPORTS_MACCATALYST = NO;
				SUPPORTS_MAC_DESIGNED_FOR_IPHONE_IPAD = NO;
				SUPPORTS_XR_DESIGNED_FOR_IPHONE_IPAD = NO;
				SWIFT_APPROACHABLE_CONCURRENCY = YES;
				SWIFT_DEFAULT_ACTOR_ISOLATION = MainActor;
				SWIFT_EMIT_LOC_STRINGS = YES;
				SWIFT_UPCOMING_FEATURE_MEMBER_IMPORT_VISIBILITY = YES;
				SWIFT_VERSION = 5.0;
				TARGETED_DEVICE_FAMILY = 1;
			};
			name = Debug;
		};
		D19631352F72C37800766B99 /* Release */ = {
			isa = XCBuildConfiguration;
			buildSettings = {
				ASSETCATALOG_COMPILER_APPICON_NAME = AppIcon;
				ASSETCATALOG_COMPILER_GLOBAL_ACCENT_COLOR_NAME = AccentColor;
				ASSETCATALOG_COMPILER_INCLUDE_ALL_APPICON_ASSETS = YES;
				CODE_SIGN_ENTITLEMENTS = "Flex Earnings Tracker/BackgroundModes.entitlements";
				CODE_SIGN_IDENTITY = "Apple Development";
				CODE_SIGN_STYLE = Automatic;
				CURRENT_PROJECT_VERSION = 1;
				DEVELOPMENT_TEAM = 8B5Y76UV6F;
				ENABLE_PREVIEWS = YES;
				GENERATE_INFOPLIST_FILE = YES;
				INFOPLIST_FILE = "BlockErrn-Info.plist";
				INFOPLIST_KEY_CFBundleDisplayName = BlockErrn;
				INFOPLIST_KEY_LSApplicationCategoryType = "public.app-category.business";
				INFOPLIST_KEY_NSCameraUsageDescription = "";
				INFOPLIST_KEY_NSLocationAlwaysAndWhenInUseUsageDescription = "BlockErrn needs background location to estimate miles for each block.";
				INFOPLIST_KEY_NSLocationWhenInUseUsageDescription = "BlockErrn uses location to track the miles you drive during each block.";
				INFOPLIST_KEY_UIApplicationSceneManifest_Generation = NO;
				INFOPLIST_KEY_UIApplicationSupportsIndirectInputEvents = YES;
				INFOPLIST_KEY_UIBackgroundModes = "";
				INFOPLIST_KEY_UILaunchScreen_Generation = YES;
				INFOPLIST_KEY_UISupportedInterfaceOrientations = UIInterfaceOrientationPortrait;
				INFOPLIST_KEY_UISupportedInterfaceOrientations_iPad = "UIInterfaceOrientationLandscapeLeft UIInterfaceOrientationLandscapeRight UIInterfaceOrientationPortrait UIInterfaceOrientationPortraitUpsideDown";
				IPHONEOS_DEPLOYMENT_TARGET = 26.0;
				LD_RUNPATH_SEARCH_PATHS = (
					"$(inherited)",
					"@executable_path/Frameworks",
				);
				MARKETING_VERSION = 1.0;
				PRODUCT_BUNDLE_IDENTIFIER = com.tejay.BlockErrn;
				PRODUCT_NAME = "$(TARGET_NAME)";
				PROVISIONING_PROFILE_SPECIFIER = "";
				STRING_CATALOG_GENERATE_SYMBOLS = YES;
				SUPPORTED_PLATFORMS = "iphoneos iphonesimulator";
				SUPPORTS_MACCATALYST = NO;
				SUPPORTS_MAC_DESIGNED_FOR_IPHONE_IPAD = NO;
				SUPPORTS_XR_DESIGNED_FOR_IPHONE_IPAD = NO;
				SWIFT_APPROACHABLE_CONCURRENCY = YES;
				SWIFT_DEFAULT_ACTOR_ISOLATION = MainActor;
				SWIFT_EMIT_LOC_STRINGS = YES;
				SWIFT_UPCOMING_FEATURE_MEMBER_IMPORT_VISIBILITY = YES;
				SWIFT_VERSION = 5.0;
				TARGETED_DEVICE_FAMILY = 1;
			};
			name = Release;
		};
		D19631372F72C37800766B99 /* Debug */ = {
			isa = XCBuildConfiguration;
			buildSettings = {
				BUNDLE_LOADER = "$(TEST_HOST)";
				CODE_SIGN_ENTITLEMENTS = "Flex Earnings Tracker/BackgroundModes.entitlements";
				CODE_SIGN_STYLE = Automatic;
				CURRENT_PROJECT_VERSION = 1;
				DEVELOPMENT_TEAM = 8B5Y76UV6F;
				GENERATE_INFOPLIST_FILE = YES;
				IPHONEOS_DEPLOYMENT_TARGET = 26.2;
				MARKETING_VERSION = 1.0;
				PRODUCT_BUNDLE_IDENTIFIER = com.tejay.BlockErrnTests;
				PRODUCT_NAME = "$(TARGET_NAME)";
				STRING_CATALOG_GENERATE_SYMBOLS = NO;
				SWIFT_APPROACHABLE_CONCURRENCY = YES;
				SWIFT_EMIT_LOC_STRINGS = NO;
				SWIFT_UPCOMING_FEATURE_MEMBER_IMPORT_VISIBILITY = YES;
				SWIFT_VERSION = 5.0;
				TARGETED_DEVICE_FAMILY = "1,2";
				TEST_HOST = "$(BUILT_PRODUCTS_DIR)/BlockErrn.app/$(BUNDLE_EXECUTABLE_FOLDER_PATH)/BlockErrn";
			};
			name = Debug;
		};
		D19631382F72C37800766B99 /* Release */ = {
			isa = XCBuildConfiguration;
			buildSettings = {
				BUNDLE_LOADER = "$(TEST_HOST)";
				CODE_SIGN_ENTITLEMENTS = "Flex Earnings Tracker/BackgroundModes.entitlements";
				CODE_SIGN_STYLE = Automatic;
				CURRENT_PROJECT_VERSION = 1;
				DEVELOPMENT_TEAM = 8B5Y76UV6F;
				GENERATE_INFOPLIST_FILE = YES;
				IPHONEOS_DEPLOYMENT_TARGET = 26.2;
				MARKETING_VERSION = 1.0;
				PRODUCT_BUNDLE_IDENTIFIER = com.tejay.BlockErrnTests;
				PRODUCT_NAME = "$(TARGET_NAME)";
				STRING_CATALOG_GENERATE_SYMBOLS = NO;
				SWIFT_APPROACHABLE_CONCURRENCY = YES;
				SWIFT_EMIT_LOC_STRINGS = NO;
				SWIFT_UPCOMING_FEATURE_MEMBER_IMPORT_VISIBILITY = YES;
				SWIFT_VERSION = 5.0;
				TARGETED_DEVICE_FAMILY = "1,2";
				TEST_HOST = "$(BUILT_PRODUCTS_DIR)/BlockErrn.app/$(BUNDLE_EXECUTABLE_FOLDER_PATH)/BlockErrn";
			};
			name = Release;
		};
		D196313A2F72C37800766B99 /* Debug */ = {
			isa = XCBuildConfiguration;
			buildSettings = {
				CODE_SIGN_ENTITLEMENTS = "Flex Earnings Tracker/BackgroundModes.entitlements";
				CODE_SIGN_STYLE = Automatic;
				CURRENT_PROJECT_VERSION = 1;
				DEVELOPMENT_TEAM = 8B5Y76UV6F;
				GENERATE_INFOPLIST_FILE = YES;
				MARKETING_VERSION = 1.0;
				PRODUCT_BUNDLE_IDENTIFIER = com.tejay.BlockErrnUITests;
				PRODUCT_NAME = "$(TARGET_NAME)";
				STRING_CATALOG_GENERATE_SYMBOLS = NO;
				SWIFT_APPROACHABLE_CONCURRENCY = YES;
				SWIFT_EMIT_LOC_STRINGS = NO;
				SWIFT_UPCOMING_FEATURE_MEMBER_IMPORT_VISIBILITY = YES;
				SWIFT_VERSION = 5.0;
				TARGETED_DEVICE_FAMILY = "1,2";
				TEST_TARGET_NAME = BlockErrn;
			};
			name = Debug;
		};
		D196313B2F72C37800766B99 /* Release */ = {
			isa = XCBuildConfiguration;
			buildSettings = {
				CODE_SIGN_ENTITLEMENTS = "Flex Earnings Tracker/BackgroundModes.entitlements";
				CODE_SIGN_STYLE = Automatic;
				CURRENT_PROJECT_VERSION = 1;
				DEVELOPMENT_TEAM = 8B5Y76UV6F;
				GENERATE_INFOPLIST_FILE = YES;
				MARKETING_VERSION = 1.0;
				PRODUCT_BUNDLE_IDENTIFIER = com.tejay.BlockErrnUITests;
				PRODUCT_NAME = "$(TARGET_NAME)";
				STRING_CATALOG_GENERATE_SYMBOLS = NO;
				SWIFT_APPROACHABLE_CONCURRENCY = YES;
				SWIFT_EMIT_LOC_STRINGS = NO;
				SWIFT_UPCOMING_FEATURE_MEMBER_IMPORT_VISIBILITY = YES;
				SWIFT_VERSION = 5.0;
				TARGETED_DEVICE_FAMILY = "1,2";
				TEST_TARGET_NAME = BlockErrn;
			};
			name = Release;
		};
/* End XCBuildConfiguration section */

/* Begin XCConfigurationList section */
		D16BD4D22F80515A003B8986 /* Build configuration list for PBXNativeTarget "BlockErrnWidgetsExtension" */ = {
			isa = XCConfigurationList;
			buildConfigurations = (
				D16BD4D32F80515A003B8986 /* Debug */,
				D16BD4D42F80515A003B8986 /* Release */,
			);
			defaultConfigurationIsVisible = 0;
			defaultConfigurationName = Release;
		};
		D196310D2F72C37700766B99 /* Build configuration list for PBXProject "Flex Earnings Tracker" */ = {
			isa = XCConfigurationList;
			buildConfigurations = (
				D19631312F72C37800766B99 /* Debug */,
				D19631322F72C37800766B99 /* Release */,
			);
			defaultConfigurationIsVisible = 0;
			defaultConfigurationName = Release;
		};
		D19631332F72C37800766B99 /* Build configuration list for PBXNativeTarget "BlockErrn" */ = {
			isa = XCConfigurationList;
			buildConfigurations = (
				D19631342F72C37800766B99 /* Debug */,
				D19631352F72C37800766B99 /* Release */,
			);
			defaultConfigurationIsVisible = 0;
			defaultConfigurationName = Release;
		};
		D19631362F72C37800766B99 /* Build configuration list for PBXNativeTarget "BlockErrnTests" */ = {
			isa = XCConfigurationList;
			buildConfigurations = (
				D19631372F72C37800766B99 /* Debug */,
				D19631382F72C37800766B99 /* Release */,
			);
			defaultConfigurationIsVisible = 0;
			defaultConfigurationName = Release;
		};
		D19631392F72C37800766B99 /* Build configuration list for PBXNativeTarget "BlockErrnUITests" */ = {
			isa = XCConfigurationList;
			buildConfigurations = (
				D196313A2F72C37800766B99 /* Debug */,
				D196313B2F72C37800766B99 /* Release */,
			);
			defaultConfigurationIsVisible = 0;
			defaultConfigurationName = Release;
		};
/* End XCConfigurationList section */
	};
	rootObject = D196310A2F72C37700766B99 /* Project object */;
}
